
Microsoft Visual Studio Solution File, Format Version 12.00
# Visual Studio Version 16
VisualStudioVersion = 16.0.30804.86
MinimumVisualStudioVersion = 10.0.40219.1
Project("{FAE04EC0-301F-11D3-BF4B-00C04F79EFBC}") = "MovieListLab10", "MovieListLab10\MovieListLab10.csproj", "{237B4FB4-6786-4083-8BB4-ED8495783CFD}"
EndProject
Global
	GlobalSection(SolutionConfigurationPlatforms) = preSolution
		Debug|Any CPU = Debug|Any CPU
		Release|Any CPU = Release|Any CPU
	EndGlobalSection
	GlobalSection(ProjectConfigurationPlatforms) = postSolution
		{237B4FB4-6786-4083-8BB4-ED8495783CFD}.Debug|Any CPU.ActiveCfg = Debug|Any CPU
		{237B4FB4-6786-4083-8BB4-ED8495783CFD}.Debug|Any CPU.Build.0 = Debug|Any CPU
		{237B4FB4-6786-4083-8BB4-ED8495783CFD}.Release|Any CPU.ActiveCfg = Release|Any CPU
		{237B4FB4-6786-4083-8BB4-ED8495783CFD}.Release|Any CPU.Build.0 = Release|Any CPU
	EndGlobalSection
	GlobalSection(SolutionProperties) = preSolution
		HideSolutionNode = FALSE
	EndGlobalSection
	GlobalSection(ExtensibilityGlobals) = postSolution
		SolutionGuid = {52D72FAD-383E-4302-A58A-8C2FBA7903C4}
	EndGlobalSection
EndGlobal
